// !$*UTF8*$!
{
	archiveVersion = 1;
	classes = {
	};
	objectVersion = 46;
	objects = {

/* Begin PBXBuildFile section */
		37A639371CE5D711008A4159 /* AppDelegate.swift in Sources */ = {isa = PBXBuildFile; fileRef = 37A639361CE5D711008A4159 /* AppDelegate.swift */; };
		37A639391CE5D711008A4159 /* ViewController.swift in Sources */ = {isa = PBXBuildFile; fileRef = 37A639381CE5D711008A4159 /* ViewController.swift */; };
		37A6393C1CE5D711008A4159 /* Main.storyboard in Resources */ = {isa = PBXBuildFile; fileRef = 37A6393A1CE5D711008A4159 /* Main.storyboard */; };
		37A6393E1CE5D711008A4159 /* Assets.xcassets in Resources */ = {isa = PBXBuildFile; fileRef = 37A6393D1CE5D711008A4159 /* Assets.xcassets */; };
		37A639411CE5D711008A4159 /* LaunchScreen.storyboard in Resources */ = {isa = PBXBuildFile; fileRef = 37A6393F1CE5D711008A4159 /* LaunchScreen.storyboard */; };
		37A639491CE5DBC7008A4159 /* BluetoothManager.swift in Sources */ = {isa = PBXBuildFile; fileRef = 37A639481CE5DBC7008A4159 /* BluetoothManager.swift */; };
		37A6394B1CE5EEC7008A4159 /* CBCentralManagerState+Additions.swift in Sources */ = {isa = PBXBuildFile; fileRef = 37A6394A1CE5EEC7008A4159 /* CBCentralManagerState+Additions.swift */; };
/* End PBXBuildFile section */

/* Begin PBXFileReference section */
		37A639331CE5D711008A4159 /* u2f-ble-test-ios.app */ = {isa = PBXFileReference; explicitFileType = wrapper.application; includeInIndex = 0; path = "u2f-ble-test-ios.app"; sourceTree = BUILT_PRODUCTS_DIR; };
		37A639361CE5D711008A4159 /* AppDelegate.swift */ = {isa = PBXFileReference; lastKnownFileType = sourcecode.swift; path = AppDelegate.swift; sourceTree = "<group>"; };
		37A639381CE5D711008A4159 /* ViewController.swift */ = {isa = PBXFileReference; lastKnownFileType = sourcecode.swift; path = ViewController.swift; sourceTree = "<group>"; };
		37A6393B1CE5D711008A4159 /* Base */ = {isa = PBXFileReference; lastKnownFileType = file.storyboard; name = Base; path = Base.lproj/Main.storyboard; sourceTree = "<group>"; };
		37A6393D1CE5D711008A4159 /* Assets.xcassets */ = {isa = PBXFileReference; lastKnownFileType = folder.assetcatalog; path = Assets.xcassets; sourceTree = "<group>"; };
		37A639401CE5D711008A4159 /* Base */ = {isa = PBXFileReference; lastKnownFileType = file.storyboard; name = Base; path = Base.lproj/LaunchScreen.storyboard; sourceTree = "<group>"; };
		37A639421CE5D712008A4159 /* Info.plist */ = {isa = PBXFileReference; lastKnownFileType = text.plist.xml; path = Info.plist; sourceTree = "<group>"; };
		37A639481CE5DBC7008A4159 /* BluetoothManager.swift */ = {isa = PBXFileReference; fileEncoding = 4; lastKnownFileType = sourcecode.swift; path = BluetoothManager.swift; sourceTree = "<group>"; };
		37A6394A1CE5EEC7008A4159 /* CBCentralManagerState+Additions.swift */ = {isa = PBXFileReference; fileEncoding = 4; lastKnownFileType = sourcecode.swift; path = "CBCentralManagerState+Additions.swift"; sourceTree = "<group>"; };
/* End PBXFileReference section */

/* Begin PBXFrameworksBuildPhase section */
		37A639301CE5D711008A4159 /* Frameworks */ = {
			isa = PBXFrameworksBuildPhase;
			buildActionMask = 2147483647;
			files = (
			);
			runOnlyForDeploymentPostprocessing = 0;
		};
/* End PBXFrameworksBuildPhase section */

/* Begin PBXGroup section */
		37A6392A1CE5D711008A4159 = {
			isa = PBXGroup;
			children = (
				37A639351CE5D711008A4159 /* u2f-ble-test-ios */,
				37A639341CE5D711008A4159 /* Products */,
			);
			sourceTree = "<group>";
		};
		37A639341CE5D711008A4159 /* Products */ = {
			isa = PBXGroup;
			children = (
				37A639331CE5D711008A4159 /* u2f-ble-test-ios.app */,
			);
			name = Products;
			sourceTree = "<group>";
		};
		37A639351CE5D711008A4159 /* u2f-ble-test-ios */ = {
			isa = PBXGroup;
			children = (
				37A639361CE5D711008A4159 /* AppDelegate.swift */,
				37A639381CE5D711008A4159 /* ViewController.swift */,
				37A6393A1CE5D711008A4159 /* Main.storyboard */,
				37A6393D1CE5D711008A4159 /* Assets.xcassets */,
				37A6393F1CE5D711008A4159 /* LaunchScreen.storyboard */,
				37A639421CE5D712008A4159 /* Info.plist */,
				37A639481CE5DBC7008A4159 /* BluetoothManager.swift */,
				37A6394A1CE5EEC7008A4159 /* CBCentralManagerState+Additions.swift */,
			);
			path = "u2f-ble-test-ios";
			sourceTree = "<group>";
		};
/* End PBXGroup section */

/* Begin PBXNativeTarget section */
		37A639321CE5D711008A4159 /* u2f-ble-test-ios */ = {
			isa = PBXNativeTarget;
			buildConfigurationList = 37A639451CE5D712008A4159 /* Build configuration list for PBXNativeTarget "u2f-ble-test-ios" */;
			buildPhases = (
				37A6392F1CE5D711008A4159 /* Sources */,
				37A639301CE5D711008A4159 /* Frameworks */,
				37A639311CE5D711008A4159 /* Resources */,
			);
			buildRules = (
			);
			dependencies = (
			);
			name = "u2f-ble-test-ios";
			productName = "u2f-ble-test-ios";
			productReference = 37A639331CE5D711008A4159 /* u2f-ble-test-ios.app */;
			productType = "com.apple.product-type.application";
		};
/* End PBXNativeTarget section */

/* Begin PBXProject section */
		37A6392B1CE5D711008A4159 /* Project object */ = {
			isa = PBXProject;
			attributes = {
				LastSwiftUpdateCheck = 0730;
				LastUpgradeCheck = 0730;
				ORGANIZATIONNAME = Ledger;
				TargetAttributes = {
					37A639321CE5D711008A4159 = {
						CreatedOnToolsVersion = 7.3.1;
						DevelopmentTeam = X6LFS5BQKN;
					};
				};
			};
			buildConfigurationList = 37A6392E1CE5D711008A4159 /* Build configuration list for PBXProject "u2f-ble-test-ios" */;
			compatibilityVersion = "Xcode 3.2";
			developmentRegion = English;
			hasScannedForEncodings = 0;
			knownRegions = (
				en,
				Base,
			);
			mainGroup = 37A6392A1CE5D711008A4159;
			productRefGroup = 37A639341CE5D711008A4159 /* Products */;
			projectDirPath = "";
			projectRoot = "";
			targets = (
				37A639321CE5D711008A4159 /* u2f-ble-test-ios */,
			);
		};
/* End PBXProject section */

/* Begin PBXResourcesBuildPhase section */
		37A639311CE5D711008A4159 /* Resources */ = {
			isa = PBXResourcesBuildPhase;
			buildActionMask = 2147483647;
			files = (
				37A639411CE5D711008A4159 /* LaunchScreen.storyboard in Resources */,
				37A6393E1CE5D711008A4159 /* Assets.xcassets in Resources */,
				37A6393C1CE5D711008A4159 /* Main.storyboard in Resources */,
			);
			runOnlyForDeploymentPostprocessing = 0;
		};
/* End PBXResourcesBuildPhase section */

/* Begin PBXSourcesBuildPhase section */
		37A6392F1CE5D711008A4159 /* Sources */ = {
			isa = PBXSourcesBuildPhase;
			buildActionMask = 2147483647;
			files = (
				37A6394B1CE5EEC7008A4159 /* CBCentralManagerState+Additions.swift in Sources */,
				37A639391CE5D711008A4159 /* ViewController.swift in Sources */,
				37A639491CE5DBC7008A4159 /* BluetoothManager.swift in Sources */,
				37A639371CE5D711008A4159 /* AppDelegate.swift in Sources */,
			);
			runOnlyForDeploymentPostprocessing = 0;
		};
/* End PBXSourcesBuildPhase section */

/* Begin PBXVariantGroup section */
		37A6393A1CE5D711008A4159 /* Main.storyboard */ = {
			isa = PBXVariantGroup;
			children = (
				37A6393B1CE5D711008A4159 /* Base */,
			);
			name = Main.storyboard;
			sourceTree = "<group>";
		};
		37A6393F1CE5D711008A4159 /* LaunchScreen.storyboard */ = {
			isa = PBXVariantGroup;
			children = (
				37A639401CE5D711008A4159 /* Base */,
			);
			name = LaunchScreen.storyboard;
			sourceTree = "<group>";
		};
/* End PBXVariantGroup section */

/* Begin XCBuildConfiguration section */
		37A639431CE5D712008A4159 /* Debug */ = {
			isa = XCBuildConfiguration;
			buildSettings = {
				ALWAYS_SEARCH_USER_PATHS = NO;
				CLANG_ANALYZER_NONNULL = YES;
				CLANG_CXX_LANGUAGE_STANDARD = "gnu++0x";
				CLANG_CXX_LIBRARY = "libc++";
				CLANG_ENABLE_MODULES = YES;
				CLANG_ENABLE_OBJC_ARC = YES;
				CLANG_WARN_BOOL_CONVERSION = YES;
				CLANG_WARN_CONSTANT_CONVERSION = YES;
				CLANG_WARN_DIRECT_OBJC_ISA_USAGE = YES_ERROR;
				CLANG_WARN_EMPTY_BODY = YES;
				CLANG_WARN_ENUM_CONVERSION = YES;
				CLANG_WARN_INT_CONVERSION = YES;
				CLANG_WARN_OBJC_ROOT_CLASS = YES_ERROR;
				CLANG_WARN_UNREACHABLE_CODE = YES;
				CLANG_WARN__DUPLICATE_METHOD_MATCH = YES;
				"CODE_SIGN_IDENTITY[sdk=iphoneos*]" = "iPhone Developer";
				COPY_PHASE_STRIP = NO;
				DEBUG_INFORMATION_FORMAT = dwarf;
				ENABLE_STRICT_OBJC_MSGSEND = YES;
				ENABLE_TESTABILITY = YES;
				GCC_C_LANGUAGE_STANDARD = gnu99;
				GCC_DYNAMIC_NO_PIC = NO;
				GCC_NO_COMMON_BLOCKS = YES;
				GCC_OPTIMIZATION_LEVEL = 0;
				GCC_PREPROCESSOR_DEFINITIONS = (
					"DEBUG=1",
					"$(inherited)",
				);
				GCC_WARN_64_TO_32_BIT_CONVERSION = YES;
				GCC_WARN_ABOUT_RETURN_TYPE = YES_ERROR;
				GCC_WARN_UNDECLARED_SELECTOR = YES;
				GCC_WARN_UNINITIALIZED_AUTOS = YES_AGGRESSIVE;
				GCC_WARN_UNUSED_FUNCTION = YES;
				GCC_WARN_UNUSED_VARIABLE = YES;
				IPHONEOS_DEPLOYMENT_TARGET = 9.3;
				MTL_ENABLE_DEBUG_INFO = YES;
				ONLY_ACTIVE_ARCH = YES;
				SDKROOT = iphoneos;
				SWIFT_OPTIMIZATION_LEVEL = "-Onone";
			};
			name = Debug;
		};
		37A639441CE5D712008A4159 /* Release */ = {
			isa = XCBuildConfiguration;
			buildSettings = {
				ALWAYS_SEARCH_USER_PATHS = NO;
				CLANG_ANALYZER_NONNULL = YES;
				CLANG_CXX_LANGUAGE_STANDARD = "gnu++0x";
				CLANG_CXX_LIBRARY = "libc++";
				CLANG_ENABLE_MODULES = YES;
				CLANG_ENABLE_OBJC_ARC = YES;
				CLANG_WARN_BOOL_CONVERSION = YES;
				CLANG_WARN_CONSTANT_CONVERSION = YES;
				CLANG_WARN_DIRECT_OBJC_ISA_USAGE = YES_ERROR;
				CLANG_WARN_EMPTY_BODY = YES;
				CLANG_WARN_ENUM_CONVERSION = YES;
				CLANG_WARN_INT_CONVERSION = YES;
				CLANG_WARN_OBJC_ROOT_CLASS = YES_ERROR;
				CLANG_WARN_UNREACHABLE_CODE = YES;
				CLANG_WARN__DUPLICATE_METHOD_MATCH = YES;
				"CODE_SIGN_IDENTITY[sdk=iphoneos*]" = "iPhone Developer";
				COPY_PHASE_STRIP = NO;
				DEBUG_INFORMATION_FORMAT = "dwarf-with-dsym";
				ENABLE_NS_ASSERTIONS = NO;
				ENABLE_STRICT_OBJC_MSGSEND = YES;
				GCC_C_LANGUAGE_STANDARD = gnu99;
				GCC_NO_COMMON_BLOCKS = YES;
				GCC_WARN_64_TO_32_BIT_CONVERSION = YES;
				GCC_WARN_ABOUT_RETURN_TYPE = YES_ERROR;
				GCC_WARN_UNDECLARED_SELECTOR = YES;
				GCC_WARN_UNINITIALIZED_AUTOS = YES_AGGRESSIVE;
				GCC_WARN_UNUSED_FUNCTION = YES;
				GCC_WARN_UNUSED_VARIABLE = YES;
				IPHONEOS_DEPLOYMENT_TARGET = 9.3;
				MTL_ENABLE_DEBUG_INFO = NO;
				SDKROOT = iphoneos;
				VALIDATE_PRODUCT = YES;
			};
			name = Release;
		};
		37A639461CE5D712008A4159 /* Debug */ = {
			isa = XCBuildConfiguration;
			buildSettings = {
				ASSETCATALOG_COMPILER_APPICON_NAME = AppIcon;
				CODE_SIGN_IDENTITY = "iPhone Developer";
				"CODE_SIGN_IDENTITY[sdk=iphoneos*]" = "";
				INFOPLIST_FILE = "u2f-ble-test-ios/Info.plist";
				IPHONEOS_DEPLOYMENT_TARGET = 8.0;
				LD_RUNPATH_SEARCH_PATHS = "$(inherited) @executable_path/Frameworks";
				PRODUCT_BUNDLE_IDENTIFIER = co.ledger.u2fbletest;
				PRODUCT_NAME = "$(TARGET_NAME)";
				PROVISIONING_PROFILE = "3b6928eb-1bc8-4b44-8bd6-ae18213e7cd0";
			};
			name = Debug;
		};
		37A639471CE5D712008A4159 /* Release */ = {
			isa = XCBuildConfiguration;
			buildSettings = {
				ASSETCATALOG_COMPILER_APPICON_NAME = AppIcon;
				CODE_SIGN_IDENTITY = "iPhone Developer";
				"CODE_SIGN_IDENTITY[sdk=iphoneos*]" = "";
				INFOPLIST_FILE = "u2f-ble-test-ios/Info.plist";
				IPHONEOS_DEPLOYMENT_TARGET = 8.0;
				LD_RUNPATH_SEARCH_PATHS = "$(inherited) @executable_path/Frameworks";
				PRODUCT_BUNDLE_IDENTIFIER = co.ledger.u2fbletest;
				PRODUCT_NAME = "$(TARGET_NAME)";
				PROVISIONING_PROFILE = "3b6928eb-1bc8-4b44-8bd6-ae18213e7cd0";
			};
			name = Release;
		};
/* End XCBuildConfiguration section */

/* Begin XCConfigurationList section */
		37A6392E1CE5D711008A4159 /* Build configuration list for PBXProject "u2f-ble-test-ios" */ = {
			isa = XCConfigurationList;
			buildConfigurations = (
				37A639431CE5D712008A4159 /* Debug */,
				37A639441CE5D712008A4159 /* Release */,
			);
			defaultConfigurationIsVisible = 0;
			defaultConfigurationName = Release;
		};
		37A639451CE5D712008A4159 /* Build configuration list for PBXNativeTarget "u2f-ble-test-ios" */ = {
			isa = XCConfigurationList;
			buildConfigurations = (
				37A639461CE5D712008A4159 /* Debug */,
				37A639471CE5D712008A4159 /* Release */,
			);
			defaultConfigurationIsVisible = 0;
			defaultConfigurationName = Release;
		};
/* End XCConfigurationList section */
	};
	rootObject = 37A6392B1CE5D711008A4159 /* Project object */;
}
